// !$*UTF8*$!
{
	archiveVersion = 1;
	classes = {
	};
	objectVersion = 55;
	objects = {

/* Begin PBXBuildFile section */
		7314FF002923103300E52CA3 /* CATAAS_ClientApp.swift in Sources */ = {isa = PBXBuildFile; fileRef = 7314FEFF2923103300E52CA3 /* CATAAS_ClientApp.swift */; };
		7314FF022923103300E52CA3 /* ContentView.swift in Sources */ = {isa = PBXBuildFile; fileRef = 7314FF012923103300E52CA3 /* ContentView.swift */; };
		7314FF042923103D00E52CA3 /* Assets.xcassets in Resources */ = {isa = PBXBuildFile; fileRef = 7314FF032923103D00E52CA3 /* Assets.xcassets */; };
		7314FF072923103D00E52CA3 /* Preview Assets.xcassets in Resources */ = {isa = PBXBuildFile; fileRef = 7314FF062923103D00E52CA3 /* Preview Assets.xcassets */; };
		7314FF112923103D00E52CA3 /* CATAAS_ClientTests.swift in Sources */ = {isa = PBXBuildFile; fileRef = 7314FF102923103D00E52CA3 /* CATAAS_ClientTests.swift */; };
		7314FF1B2923103D00E52CA3 /* CATAAS_ClientUITests.swift in Sources */ = {isa = PBXBuildFile; fileRef = 7314FF1A2923103D00E52CA3 /* CATAAS_ClientUITests.swift */; };
		7314FF1D2923103D00E52CA3 /* CATAAS_ClientUITestsLaunchTests.swift in Sources */ = {isa = PBXBuildFile; fileRef = 7314FF1C2923103D00E52CA3 /* CATAAS_ClientUITestsLaunchTests.swift */; };
/* End PBXBuildFile section */

/* Begin PBXContainerItemProxy section */
		7314FF0D2923103D00E52CA3 /* PBXContainerItemProxy */ = {
			isa = PBXContainerItemProxy;
			containerPortal = 7314FEF42923103300E52CA3 /* Project object */;
			proxyType = 1;
			remoteGlobalIDString = 7314FEFB2923103300E52CA3;
			remoteInfo = "CATAAS Client";
		};
		7314FF172923103D00E52CA3 /* PBXContainerItemProxy */ = {
			isa = PBXContainerItemProxy;
			containerPortal = 7314FEF42923103300E52CA3 /* Project object */;
			proxyType = 1;
			remoteGlobalIDString = 7314FEFB2923103300E52CA3;
			remoteInfo = "CATAAS Client";
		};
/* End PBXContainerItemProxy section */

/* Begin PBXFileReference section */
		7314FEFC2923103300E52CA3 /* CATAAS Client.app */ = {isa = PBXFileReference; explicitFileType = wrapper.application; includeInIndex = 0; path = "CATAAS Client.app"; sourceTree = BUILT_PRODUCTS_DIR; };
		7314FEFF2923103300E52CA3 /* CATAAS_ClientApp.swift */ = {isa = PBXFileReference; lastKnownFileType = sourcecode.swift; path = CATAAS_ClientApp.swift; sourceTree = "<group>"; };
		7314FF012923103300E52CA3 /* ContentView.swift */ = {isa = PBXFileReference; lastKnownFileType = sourcecode.swift; path = ContentView.swift; sourceTree = "<group>"; };
		7314FF032923103D00E52CA3 /* Assets.xcassets */ = {isa = PBXFileReference; lastKnownFileType = folder.assetcatalog; path = Assets.xcassets; sourceTree = "<group>"; };
		7314FF062923103D00E52CA3 /* Preview Assets.xcassets */ = {isa = PBXFileReference; lastKnownFileType = folder.assetcatalog; path = "Preview Assets.xcassets"; sourceTree = "<group>"; };
		7314FF0C2923103D00E52CA3 /* CATAAS ClientTests.xctest */ = {isa = PBXFileReference; explicitFileType = wrapper.cfbundle; includeInIndex = 0; path = "CATAAS ClientTests.xctest"; sourceTree = BUILT_PRODUCTS_DIR; };
		7314FF102923103D00E52CA3 /* CATAAS_ClientTests.swift */ = {isa = PBXFileReference; lastKnownFileType = sourcecode.swift; path = CATAAS_ClientTests.swift; sourceTree = "<group>"; };
		7314FF162923103D00E52CA3 /* CATAAS ClientUITests.xctest */ = {isa = PBXFileReference; explicitFileType = wrapper.cfbundle; includeInIndex = 0; path = "CATAAS ClientUITests.xctest"; sourceTree = BUILT_PRODUCTS_DIR; };
		7314FF1A2923103D00E52CA3 /* CATAAS_ClientUITests.swift */ = {isa = PBXFileReference; lastKnownFileType = sourcecode.swift; path = CATAAS_ClientUITests.swift; sourceTree = "<group>"; };
		7314FF1C2923103D00E52CA3 /* CATAAS_ClientUITestsLaunchTests.swift */ = {isa = PBXFileReference; lastKnownFileType = sourcecode.swift; path = CATAAS_ClientUITestsLaunchTests.swift; sourceTree = "<group>"; };
/* End PBXFileReference section */

/* Begin PBXFrameworksBuildPhase section */
		7314FEF92923103300E52CA3 /* Frameworks */ = {
			isa = PBXFrameworksBuildPhase;
			buildActionMask = 2147483647;
			files = (
			);
			runOnlyForDeploymentPostprocessing = 0;
		};
		7314FF092923103D00E52CA3 /* Frameworks */ = {
			isa = PBXFrameworksBuildPhase;
			buildActionMask = 2147483647;
			files = (
			);
			runOnlyForDeploymentPostprocessing = 0;
		};
		7314FF132923103D00E52CA3 /* Frameworks */ = {
			isa = PBXFrameworksBuildPhase;
			buildActionMask = 2147483647;
			files = (
			);
			runOnlyForDeploymentPostprocessing = 0;
		};
/* End PBXFrameworksBuildPhase section */

/* Begin PBXGroup section */
		7314FEF32923103300E52CA3 = {
			isa = PBXGroup;
			children = (
				7314FEFE2923103300E52CA3 /* CATAAS Client */,
				7314FF0F2923103D00E52CA3 /* CATAAS ClientTests */,
				7314FF192923103D00E52CA3 /* CATAAS ClientUITests */,
				7314FEFD2923103300E52CA3 /* Products */,
			);
			sourceTree = "<group>";
		};
		7314FEFD2923103300E52CA3 /* Products */ = {
			isa = PBXGroup;
			children = (
				7314FEFC2923103300E52CA3 /* CATAAS Client.app */,
				7314FF0C2923103D00E52CA3 /* CATAAS ClientTests.xctest */,
				7314FF162923103D00E52CA3 /* CATAAS ClientUITests.xctest */,
			);
			name = Products;
			sourceTree = "<group>";
		};
		7314FEFE2923103300E52CA3 /* CATAAS Client */ = {
			isa = PBXGroup;
			children = (
				7314FEFF2923103300E52CA3 /* CATAAS_ClientApp.swift */,
				7314FF012923103300E52CA3 /* ContentView.swift */,
				7314FF032923103D00E52CA3 /* Assets.xcassets */,
				7314FF052923103D00E52CA3 /* Preview Content */,
			);
			path = "CATAAS Client";
			sourceTree = "<group>";
		};
		7314FF052923103D00E52CA3 /* Preview Content */ = {
			isa = PBXGroup;
			children = (
				7314FF062923103D00E52CA3 /* Preview Assets.xcassets */,
			);
			path = "Preview Content";
			sourceTree = "<group>";
		};
		7314FF0F2923103D00E52CA3 /* CATAAS ClientTests */ = {
			isa = PBXGroup;
			children = (
				7314FF102923103D00E52CA3 /* CATAAS_ClientTests.swift */,
			);
			path = "CATAAS ClientTests";
			sourceTree = "<group>";
		};
		7314FF192923103D00E52CA3 /* CATAAS ClientUITests */ = {
			isa = PBXGroup;
			children = (
				7314FF1A2923103D00E52CA3 /* CATAAS_ClientUITests.swift */,
				7314FF1C2923103D00E52CA3 /* CATAAS_ClientUITestsLaunchTests.swift */,
			);
			path = "CATAAS ClientUITests";
			sourceTree = "<group>";
		};
/* End PBXGroup section */

/* Begin PBXNativeTarget section */
		7314FEFB2923103300E52CA3 /* CATAAS Client */ = {
			isa = PBXNativeTarget;
			buildConfigurationList = 7314FF202923103D00E52CA3 /* Build configuration list for PBXNativeTarget "CATAAS Client" */;
			buildPhases = (
				7314FEF82923103300E52CA3 /* Sources */,
				7314FEF92923103300E52CA3 /* Frameworks */,
				7314FEFA2923103300E52CA3 /* Resources */,
			);
			buildRules = (
			);
			dependencies = (
			);
			name = "CATAAS Client";
			productName = "CATAAS Client";
			productReference = 7314FEFC2923103300E52CA3 /* CATAAS Client.app */;
			productType = "com.apple.product-type.application";
		};
		7314FF0B2923103D00E52CA3 /* CATAAS ClientTests */ = {
			isa = PBXNativeTarget;
			buildConfigurationList = 7314FF232923103D00E52CA3 /* Build configuration list for PBXNativeTarget "CATAAS ClientTests" */;
			buildPhases = (
				7314FF082923103D00E52CA3 /* Sources */,
				7314FF092923103D00E52CA3 /* Frameworks */,
				7314FF0A2923103D00E52CA3 /* Resources */,
			);
			buildRules = (
			);
			dependencies = (
				7314FF0E2923103D00E52CA3 /* PBXTargetDependency */,
			);
			name = "CATAAS ClientTests";
			productName = "CATAAS ClientTests";
			productReference = 7314FF0C2923103D00E52CA3 /* CATAAS ClientTests.xctest */;
			productType = "com.apple.product-type.bundle.unit-test";
		};
		7314FF152923103D00E52CA3 /* CATAAS ClientUITests */ = {
			isa = PBXNativeTarget;
			buildConfigurationList = 7314FF262923103D00E52CA3 /* Build configuration list for PBXNativeTarget "CATAAS ClientUITests" */;
			buildPhases = (
				7314FF122923103D00E52CA3 /* Sources */,
				7314FF132923103D00E52CA3 /* Frameworks */,
				7314FF142923103D00E52CA3 /* Resources */,
			);
			buildRules = (
			);
			dependencies = (
				7314FF182923103D00E52CA3 /* PBXTargetDependency */,
			);
			name = "CATAAS ClientUITests";
			productName = "CATAAS ClientUITests";
			productReference = 7314FF162923103D00E52CA3 /* CATAAS ClientUITests.xctest */;
			productType = "com.apple.product-type.bundle.ui-testing";
		};
/* End PBXNativeTarget section */

/* Begin PBXProject section */
		7314FEF42923103300E52CA3 /* Project object */ = {
			isa = PBXProject;
			attributes = {
				BuildIndependentTargetsInParallel = 1;
				LastSwiftUpdateCheck = 1340;
				LastUpgradeCheck = 1340;
				TargetAttributes = {
					7314FEFB2923103300E52CA3 = {
						CreatedOnToolsVersion = 13.4.1;
					};
					7314FF0B2923103D00E52CA3 = {
						CreatedOnToolsVersion = 13.4.1;
						TestTargetID = 7314FEFB2923103300E52CA3;
					};
					7314FF152923103D00E52CA3 = {
						CreatedOnToolsVersion = 13.4.1;
						TestTargetID = 7314FEFB2923103300E52CA3;
					};
				};
			};
			buildConfigurationList = 7314FEF72923103300E52CA3 /* Build configuration list for PBXProject "CATAAS Client" */;
			compatibilityVersion = "Xcode 13.0";
			developmentRegion = en;
			hasScannedForEncodings = 0;
			knownRegions = (
				en,
				Base,
			);
			mainGroup = 7314FEF32923103300E52CA3;
			productRefGroup = 7314FEFD2923103300E52CA3 /* Products */;
			projectDirPath = "";
			projectRoot = "";
			targets = (
				7314FEFB2923103300E52CA3 /* CATAAS Client */,
				7314FF0B2923103D00E52CA3 /* CATAAS ClientTests */,
				7314FF152923103D00E52CA3 /* CATAAS ClientUITests */,
			);
		};
/* End PBXProject section */

/* Begin PBXResourcesBuildPhase section */
		7314FEFA2923103300E52CA3 /* Resources */ = {
			isa = PBXResourcesBuildPhase;
			buildActionMask = 2147483647;
			files = (
				7314FF072923103D00E52CA3 /* Preview Assets.xcassets in Resources */,
				7314FF042923103D00E52CA3 /* Assets.xcassets in Resources */,
			);
			runOnlyForDeploymentPostprocessing = 0;
		};
		7314FF0A2923103D00E52CA3 /* Resources */ = {
			isa = PBXResourcesBuildPhase;
			buildActionMask = 2147483647;
			files = (
			);
			runOnlyForDeploymentPostprocessing = 0;
		};
		7314FF142923103D00E52CA3 /* Resources */ = {
			isa = PBXResourcesBuildPhase;
			buildActionMask = 2147483647;
			files = (
			);
			runOnlyForDeploymentPostprocessing = 0;
		};
/* End PBXResourcesBuildPhase section */

/* Begin PBXSourcesBuildPhase section */
		7314FEF82923103300E52CA3 /* Sources */ = {
			isa = PBXSourcesBuildPhase;
			buildActionMask = 2147483647;
			files = (
				7314FF022923103300E52CA3 /* ContentView.swift in Sources */,
				7314FF002923103300E52CA3 /* CATAAS_ClientApp.swift in Sources */,
			);
			runOnlyForDeploymentPostprocessing = 0;
		};
		7314FF082923103D00E52CA3 /* Sources */ = {
			isa = PBXSourcesBuildPhase;
			buildActionMask = 2147483647;
			files = (
				7314FF112923103D00E52CA3 /* CATAAS_ClientTests.swift in Sources */,
			);
			runOnlyForDeploymentPostprocessing = 0;
		};
		7314FF122923103D00E52CA3 /* Sources */ = {
			isa = PBXSourcesBuildPhase;
			buildActionMask = 2147483647;
			files = (
				7314FF1D2923103D00E52CA3 /* CATAAS_ClientUITestsLaunchTests.swift in Sources */,
				7314FF1B2923103D00E52CA3 /* CATAAS_ClientUITests.swift in Sources */,
			);
			runOnlyForDeploymentPostprocessing = 0;
		};
/* End PBXSourcesBuildPhase section */

/* Begin PBXTargetDependency section */
		7314FF0E2923103D00E52CA3 /* PBXTargetDependency */ = {
			isa = PBXTargetDependency;
			target = 7314FEFB2923103300E52CA3 /* CATAAS Client */;
			targetProxy = 7314FF0D2923103D00E52CA3 /* PBXContainerItemProxy */;
		};
		7314FF182923103D00E52CA3 /* PBXTargetDependency */ = {
			isa = PBXTargetDependency;
			target = 7314FEFB2923103300E52CA3 /* CATAAS Client */;
			targetProxy = 7314FF172923103D00E52CA3 /* PBXContainerItemProxy */;
		};
/* End PBXTargetDependency section */

/* Begin XCBuildConfiguration section */
		7314FF1E2923103D00E52CA3 /* Debug */ = {
			isa = XCBuildConfiguration;
			buildSettings = {
				ALWAYS_SEARCH_USER_PATHS = NO;
				CLANG_ANALYZER_NONNULL = YES;
				CLANG_ANALYZER_NUMBER_OBJECT_CONVERSION = YES_AGGRESSIVE;
				CLANG_CXX_LANGUAGE_STANDARD = "gnu++17";
				CLANG_ENABLE_MODULES = YES;
				CLANG_ENABLE_OBJC_ARC = YES;
				CLANG_ENABLE_OBJC_WEAK = YES;
				CLANG_WARN_BLOCK_CAPTURE_AUTORELEASING = YES;
				CLANG_WARN_BOOL_CONVERSION = YES;
				CLANG_WARN_COMMA = YES;
				CLANG_WARN_CONSTANT_CONVERSION = YES;
				CLANG_WARN_DEPRECATED_OBJC_IMPLEMENTATIONS = YES;
				CLANG_WARN_DIRECT_OBJC_ISA_USAGE = YES_ERROR;
				CLANG_WARN_DOCUMENTATION_COMMENTS = YES;
				CLANG_WARN_EMPTY_BODY = YES;
				CLANG_WARN_ENUM_CONVERSION = YES;
				CLANG_WARN_INFINITE_RECURSION = YES;
				CLANG_WARN_INT_CONVERSION = YES;
				CLANG_WARN_NON_LITERAL_NULL_CONVERSION = YES;
				CLANG_WARN_OBJC_IMPLICIT_RETAIN_SELF = YES;
				CLANG_WARN_OBJC_LITERAL_CONVERSION = YES;
				CLANG_WARN_OBJC_ROOT_CLASS = YES_ERROR;
				CLANG_WARN_QUOTED_INCLUDE_IN_FRAMEWORK_HEADER = YES;
				CLANG_WARN_RANGE_LOOP_ANALYSIS = YES;
				CLANG_WARN_STRICT_PROTOTYPES = YES;
				CLANG_WARN_SUSPICIOUS_MOVE = YES;
				CLANG_WARN_UNGUARDED_AVAILABILITY = YES_AGGRESSIVE;
				CLANG_WARN_UNREACHABLE_CODE = YES;
				CLANG_WARN__DUPLICATE_METHOD_MATCH = YES;
				COPY_PHASE_STRIP = NO;
				DEBUG_INFORMATION_FORMAT = dwarf;
				ENABLE_STRICT_OBJC_MSGSEND = YES;
				ENABLE_TESTABILITY = YES;
				GCC_C_LANGUAGE_STANDARD = gnu11;
				GCC_DYNAMIC_NO_PIC = NO;
				GCC_NO_COMMON_BLOCKS = YES;
				GCC_OPTIMIZATION_LEVEL = 0;
				GCC_PREPROCESSOR_DEFINITIONS = (
					"DEBUG=1",
					"$(inherited)",
				);
				GCC_WARN_64_TO_32_BIT_CONVERSION = YES;
				GCC_WARN_ABOUT_RETURN_TYPE = YES_ERROR;
				GCC_WARN_UNDECLARED_SELECTOR = YES;
				GCC_WARN_UNINITIALIZED_AUTOS = YES_AGGRESSIVE;
				GCC_WARN_UNUSED_FUNCTION = YES;
				GCC_WARN_UNUSED_VARIABLE = YES;
				IPHONEOS_DEPLOYMENT_TARGET = 15.5;
				MTL_ENABLE_DEBUG_INFO = INCLUDE_SOURCE;
				MTL_FAST_MATH = YES;
				ONLY_ACTIVE_ARCH = YES;
				SDKROOT = iphoneos;
				SWIFT_ACTIVE_COMPILATION_CONDITIONS = DEBUG;
				SWIFT_OPTIMIZATION_LEVEL = "-Onone";
			};
			name = Debug;
		};
		7314FF1F2923103D00E52CA3 /* Release */ = {
			isa = XCBuildConfiguration;
			buildSettings = {
				ALWAYS_SEARCH_USER_PATHS = NO;
				CLANG_ANALYZER_NONNULL = YES;
				CLANG_ANALYZER_NUMBER_OBJECT_CONVERSION = YES_AGGRESSIVE;
				CLANG_CXX_LANGUAGE_STANDARD = "gnu++17";
				CLANG_ENABLE_MODULES = YES;
				CLANG_ENABLE_OBJC_ARC = YES;
				CLANG_ENABLE_OBJC_WEAK = YES;
				CLANG_WARN_BLOCK_CAPTURE_AUTORELEASING = YES;
				CLANG_WARN_BOOL_CONVERSION = YES;
				CLANG_WARN_COMMA = YES;
				CLANG_WARN_CONSTANT_CONVERSION = YES;
				CLANG_WARN_DEPRECATED_OBJC_IMPLEMENTATIONS = YES;
				CLANG_WARN_DIRECT_OBJC_ISA_USAGE = YES_ERROR;
				CLANG_WARN_DOCUMENTATION_COMMENTS = YES;
				CLANG_WARN_EMPTY_BODY = YES;
				CLANG_WARN_ENUM_CONVERSION = YES;
				CLANG_WARN_INFINITE_RECURSION = YES;
				CLANG_WARN_INT_CONVERSION = YES;
				CLANG_WARN_NON_LITERAL_NULL_CONVERSION = YES;
				CLANG_WARN_OBJC_IMPLICIT_RETAIN_SELF = YES;
				CLANG_WARN_OBJC_LITERAL_CONVERSION = YES;
				CLANG_WARN_OBJC_ROOT_CLASS = YES_ERROR;
				CLANG_WARN_QUOTED_INCLUDE_IN_FRAMEWORK_HEADER = YES;
				CLANG_WARN_RANGE_LOOP_ANALYSIS = YES;
				CLANG_WARN_STRICT_PROTOTYPES = YES;
				CLANG_WARN_SUSPICIOUS_MOVE = YES;
				CLANG_WARN_UNGUARDED_AVAILABILITY = YES_AGGRESSIVE;
				CLANG_WARN_UNREACHABLE_CODE = YES;
				CLANG_WARN__DUPLICATE_METHOD_MATCH = YES;
				COPY_PHASE_STRIP = NO;
				DEBUG_INFORMATION_FORMAT = "dwarf-with-dsym";
				ENABLE_NS_ASSERTIONS = NO;
				ENABLE_STRICT_OBJC_MSGSEND = YES;
				GCC_C_LANGUAGE_STANDARD = gnu11;
				GCC_NO_COMMON_BLOCKS = YES;
				GCC_WARN_64_TO_32_BIT_CONVERSION = YES;
				GCC_WARN_ABOUT_RETURN_TYPE = YES_ERROR;
				GCC_WARN_UNDECLARED_SELECTOR = YES;
				GCC_WARN_UNINITIALIZED_AUTOS = YES_AGGRESSIVE;
				GCC_WARN_UNUSED_FUNCTION = YES;
				GCC_WARN_UNUSED_VARIABLE = YES;
				IPHONEOS_DEPLOYMENT_TARGET = 15.5;
				MTL_ENABLE_DEBUG_INFO = NO;
				MTL_FAST_MATH = YES;
				SDKROOT = iphoneos;
				SWIFT_COMPILATION_MODE = wholemodule;
				SWIFT_OPTIMIZATION_LEVEL = "-O";
				VALIDATE_PRODUCT = YES;
			};
			name = Release;
		};
		7314FF212923103D00E52CA3 /* Debug */ = {
			isa = XCBuildConfiguration;
			buildSettings = {
				ASSETCATALOG_COMPILER_APPICON_NAME = AppIcon;
				ASSETCATALOG_COMPILER_GLOBAL_ACCENT_COLOR_NAME = AccentColor;
				CODE_SIGN_STYLE = Automatic;
				CURRENT_PROJECT_VERSION = 1;
				DEVELOPMENT_ASSET_PATHS = "\"CATAAS Client/Preview Content\"";
				DEVELOPMENT_TEAM = 253Q6WGJC2;
				ENABLE_PREVIEWS = YES;
				GENERATE_INFOPLIST_FILE = YES;
				INFOPLIST_KEY_UIApplicationSceneManifest_Generation = YES;
				INFOPLIST_KEY_UIApplicationSupportsIndirectInputEvents = YES;
				INFOPLIST_KEY_UILaunchScreen_Generation = YES;
				INFOPLIST_KEY_UISupportedInterfaceOrientations_iPad = "UIInterfaceOrientationPortrait UIInterfaceOrientationPortraitUpsideDown UIInterfaceOrientationLandscapeLeft UIInterfaceOrientationLandscapeRight";
				INFOPLIST_KEY_UISupportedInterfaceOrientations_iPhone = "UIInterfaceOrientationPortrait UIInterfaceOrientationLandscapeLeft UIInterfaceOrientationLandscapeRight";
				LD_RUNPATH_SEARCH_PATHS = (
					"$(inherited)",
					"@executable_path/Frameworks",
				);
				MARKETING_VERSION = 1.0;
				PRODUCT_BUNDLE_IDENTIFIER = "Pent.CATAAS-Client";
				PRODUCT_NAME = "$(TARGET_NAME)";
				SWIFT_EMIT_LOC_STRINGS = YES;
				SWIFT_VERSION = 5.0;
				TARGETED_DEVICE_FAMILY = "1,2";
			};
			name = Debug;
		};
		7314FF222923103D00E52CA3 /* Release */ = {
			isa = XCBuildConfiguration;
			buildSettings = {
				ASSETCATALOG_COMPILER_APPICON_NAME = AppIcon;
				ASSETCATALOG_COMPILER_GLOBAL_ACCENT_COLOR_NAME = AccentColor;
				CODE_SIGN_STYLE = Automatic;
				CURRENT_PROJECT_VERSION = 1;
				DEVELOPMENT_ASSET_PATHS = "\"CATAAS Client/Preview Content\"";
				DEVELOPMENT_TEAM = 253Q6WGJC2;
				ENABLE_PREVIEWS = YES;
				GENERATE_INFOPLIST_FILE = YES;
				INFOPLIST_KEY_UIApplicationSceneManifest_Generation = YES;
				INFOPLIST_KEY_UIApplicationSupportsIndirectInputEvents = YES;
				INFOPLIST_KEY_UILaunchScreen_Generation = YES;
				INFOPLIST_KEY_UISupportedInterfaceOrientations_iPad = "UIInterfaceOrientationPortrait UIInterfaceOrientationPortraitUpsideDown UIInterfaceOrientationLandscapeLeft UIInterfaceOrientationLandscapeRight";
				INFOPLIST_KEY_UISupportedInterfaceOrientations_iPhone = "UIInterfaceOrientationPortrait UIInterfaceOrientationLandscapeLeft UIInterfaceOrientationLandscapeRight";
				LD_RUNPATH_SEARCH_PATHS = (
					"$(inherited)",
					"@executable_path/Frameworks",
				);
				MARKETING_VERSION = 1.0;
				PRODUCT_BUNDLE_IDENTIFIER = "Pent.CATAAS-Client";
				PRODUCT_NAME = "$(TARGET_NAME)";
				SWIFT_EMIT_LOC_STRINGS = YES;
				SWIFT_VERSION = 5.0;
				TARGETED_DEVICE_FAMILY = "1,2";
			};
			name = Release;
		};
		7314FF242923103D00E52CA3 /* Debug */ = {
			isa = XCBuildConfiguration;
			buildSettings = {
				ALWAYS_EMBED_SWIFT_STANDARD_LIBRARIES = YES;
				BUNDLE_LOADER = "$(TEST_HOST)";
				CODE_SIGN_STYLE = Automatic;
				CURRENT_PROJECT_VERSION = 1;
				DEVELOPMENT_TEAM = 253Q6WGJC2;
				GENERATE_INFOPLIST_FILE = YES;
				IPHONEOS_DEPLOYMENT_TARGET = 15.5;
				MARKETING_VERSION = 1.0;
				PRODUCT_BUNDLE_IDENTIFIER = "Pent.CATAAS-ClientTests";
				PRODUCT_NAME = "$(TARGET_NAME)";
				SWIFT_EMIT_LOC_STRINGS = NO;
				SWIFT_VERSION = 5.0;
				TARGETED_DEVICE_FAMILY = "1,2";
				TEST_HOST = "$(BUILT_PRODUCTS_DIR)/CATAAS Client.app/CATAAS Client";
			};
			name = Debug;
		};
		7314FF252923103D00E52CA3 /* Release */ = {
			isa = XCBuildConfiguration;
			buildSettings = {
				ALWAYS_EMBED_SWIFT_STANDARD_LIBRARIES = YES;
				BUNDLE_LOADER = "$(TEST_HOST)";
				CODE_SIGN_STYLE = Automatic;
				CURRENT_PROJECT_VERSION = 1;
				DEVELOPMENT_TEAM = 253Q6WGJC2;
				GENERATE_INFOPLIST_FILE = YES;
				IPHONEOS_DEPLOYMENT_TARGET = 15.5;
				MARKETING_VERSION = 1.0;
				PRODUCT_BUNDLE_IDENTIFIER = "Pent.CATAAS-ClientTests";
				PRODUCT_NAME = "$(TARGET_NAME)";
				SWIFT_EMIT_LOC_STRINGS = NO;
				SWIFT_VERSION = 5.0;
				TARGETED_DEVICE_FAMILY = "1,2";
				TEST_HOST = "$(BUILT_PRODUCTS_DIR)/CATAAS Client.app/CATAAS Client";
			};
			name = Release;
		};
		7314FF272923103D00E52CA3 /* Debug */ = {
			isa = XCBuildConfiguration;
			buildSettings = {
				ALWAYS_EMBED_SWIFT_STANDARD_LIBRARIES = YES;
				CODE_SIGN_STYLE = Automatic;
				CURRENT_PROJECT_VERSION = 1;
				DEVELOPMENT_TEAM = 253Q6WGJC2;
				GENERATE_INFOPLIST_FILE = YES;
				MARKETING_VERSION = 1.0;
				PRODUCT_BUNDLE_IDENTIFIER = "Pent.CATAAS-ClientUITests";
				PRODUCT_NAME = "$(TARGET_NAME)";
				SWIFT_EMIT_LOC_STRINGS = NO;
				SWIFT_VERSION = 5.0;
				TARGETED_DEVICE_FAMILY = "1,2";
				TEST_TARGET_NAME = "CATAAS Client";
			};
			name = Debug;
		};
		7314FF282923103D00E52CA3 /* Release */ = {
			isa = XCBuildConfiguration;
			buildSettings = {
				ALWAYS_EMBED_SWIFT_STANDARD_LIBRARIES = YES;
				CODE_SIGN_STYLE = Automatic;
				CURRENT_PROJECT_VERSION = 1;
				DEVELOPMENT_TEAM = 253Q6WGJC2;
				GENERATE_INFOPLIST_FILE = YES;
				MARKETING_VERSION = 1.0;
				PRODUCT_BUNDLE_IDENTIFIER = "Pent.CATAAS-ClientUITests";
				PRODUCT_NAME = "$(TARGET_NAME)";
				SWIFT_EMIT_LOC_STRINGS = NO;
				SWIFT_VERSION = 5.0;
				TARGETED_DEVICE_FAMILY = "1,2";
				TEST_TARGET_NAME = "CATAAS Client";
			};
			name = Release;
		};
/* End XCBuildConfiguration section */

/* Begin XCConfigurationList section */
		7314FEF72923103300E52CA3 /* Build configuration list for PBXProject "CATAAS Client" */ = {
			isa = XCConfigurationList;
			buildConfigurations = (
				7314FF1E2923103D00E52CA3 /* Debug */,
				7314FF1F2923103D00E52CA3 /* Release */,
			);
			defaultConfigurationIsVisible = 0;
			defaultConfigurationName = Release;
		};
		7314FF202923103D00E52CA3 /* Build configuration list for PBXNativeTarget "CATAAS Client" */ = {
			isa = XCConfigurationList;
			buildConfigurations = (
				7314FF212923103D00E52CA3 /* Debug */,
				7314FF222923103D00E52CA3 /* Release */,
			);
			defaultConfigurationIsVisible = 0;
			defaultConfigurationName = Release;
		};
		7314FF232923103D00E52CA3 /* Build configuration list for PBXNativeTarget "CATAAS ClientTests" */ = {
			isa = XCConfigurationList;
			buildConfigurations = (
				7314FF242923103D00E52CA3 /* Debug */,
				7314FF252923103D00E52CA3 /* Release */,
			);
			defaultConfigurationIsVisible = 0;
			defaultConfigurationName = Release;
		};
		7314FF262923103D00E52CA3 /* Build configuration list for PBXNativeTarget "CATAAS ClientUITests" */ = {
			isa = XCConfigurationList;
			buildConfigurations = (
				7314FF272923103D00E52CA3 /* Debug */,
				7314FF282923103D00E52CA3 /* Release */,
			);
			defaultConfigurationIsVisible = 0;
			defaultConfigurationName = Release;
		};
/* End XCConfigurationList section */
	};
	rootObject = 7314FEF42923103300E52CA3 /* Project object */;
}
